
Microsoft Visual Studio Solution File, Format Version 12.00
# Visual Studio Version 17
VisualStudioVersion = 17.5.33414.496
MinimumVisualStudioVersion = 10.0.40219.1
Project("{FAE04EC0-301F-11D3-BF4B-00C04F79EFBC}") = "Login&RegistrationAPI", "Login&RegistrationAPI\Login&RegistrationAPI.csproj", "{D80F6BF3-89F3-4117-98E3-59C27E093D5B}"
EndProject
Global
	GlobalSection(SolutionConfigurationPlatforms) = preSolution
		Debug|Any CPU = Debug|Any CPU
		Release|Any CPU = Release|Any CPU
	EndGlobalSection
	GlobalSection(ProjectConfigurationPlatforms) = postSolution
		{D80F6BF3-89F3-4117-98E3-59C27E093D5B}.Debug|Any CPU.ActiveCfg = Debug|Any CPU
		{D80F6BF3-89F3-4117-98E3-59C27E093D5B}.Debug|Any CPU.Build.0 = Debug|Any CPU
		{D80F6BF3-89F3-4117-98E3-59C27E093D5B}.Release|Any CPU.ActiveCfg = Release|Any CPU
		{D80F6BF3-89F3-4117-98E3-59C27E093D5B}.Release|Any CPU.Build.0 = Release|Any CPU
	EndGlobalSection
	GlobalSection(SolutionProperties) = preSolution
		HideSolutionNode = FALSE
	EndGlobalSection
	GlobalSection(ExtensibilityGlobals) = postSolution
		SolutionGuid = {8E537BFF-6CE0-4D7D-8A1D-80DA00D986CC}
	EndGlobalSection
EndGlobal
